# This file is autogenerated, do not edit; changes may be undone by the next 'dep ensure'.


[[projects]]
  name = "github.com/russross/blackfriday"
  packages = ["."]
  revision = "55d61fa8aa702f59229e6cff85793c22e580eaf5"
  version = "v1.5.1"

[[projects]]
  branch = "master"
  name = "golang.org/x/crypto"
  packages = [
    "acme",
    "acme/autocert"
  ]
  revision = "a2144134853fc9a27a7b1e3eb4f19f1a76df13c9"

[solve-meta]
  analyzer-name = "dep"
  analyzer-version = 1
  inputs-digest = "03dae3c1a018b63a4de9d1e8c1ed7fc1f6dd2c99fa846da9c8935676009115de"
  solver-name = "gps-cdcl"
  solver-version = 1
